// !$*UTF8*$!
{
	archiveVersion = 1;
	classes = {
	};
	objectVersion = 50;
	objects = {

/* Begin PBXBuildFile section */
		CE230B8523E3EDC100D24706 /* AppDelegate.swift in Sources */ = {isa = PBXBuildFile; fileRef = CE230B8423E3EDC100D24706 /* AppDelegate.swift */; };
		CE230B8723E3EDC100D24706 /* SceneDelegate.swift in Sources */ = {isa = PBXBuildFile; fileRef = CE230B8623E3EDC100D24706 /* SceneDelegate.swift */; };
		CE230B8923E3EDC100D24706 /* ViewController.swift in Sources */ = {isa = PBXBuildFile; fileRef = CE230B8823E3EDC100D24706 /* ViewController.swift */; };
		CE230B8C23E3EDC100D24706 /* Main.storyboard in Resources */ = {isa = PBXBuildFile; fileRef = CE230B8A23E3EDC100D24706 /* Main.storyboard */; };
		CE230B8E23E3EDC400D24706 /* Assets.xcassets in Resources */ = {isa = PBXBuildFile; fileRef = CE230B8D23E3EDC400D24706 /* Assets.xcassets */; };
		CE230B9123E3EDC400D24706 /* LaunchScreen.storyboard in Resources */ = {isa = PBXBuildFile; fileRef = CE230B8F23E3EDC400D24706 /* LaunchScreen.storyboard */; };
/* End PBXBuildFile section */

/* Begin PBXFileReference section */
		CE230B8123E3EDC100D24706 /* baKUni.app */ = {isa = PBXFileReference; explicitFileType = wrapper.application; includeInIndex = 0; path = baKUni.app; sourceTree = BUILT_PRODUCTS_DIR; };
		CE230B8423E3EDC100D24706 /* AppDelegate.swift */ = {isa = PBXFileReference; lastKnownFileType = sourcecode.swift; path = AppDelegate.swift; sourceTree = "<group>"; };
		CE230B8623E3EDC100D24706 /* SceneDelegate.swift */ = {isa = PBXFileReference; lastKnownFileType = sourcecode.swift; path = SceneDelegate.swift; sourceTree = "<group>"; };
		CE230B8823E3EDC100D24706 /* ViewController.swift */ = {isa = PBXFileReference; lastKnownFileType = sourcecode.swift; path = ViewController.swift; sourceTree = "<group>"; };
		CE230B8B23E3EDC100D24706 /* Base */ = {isa = PBXFileReference; lastKnownFileType = file.storyboard; name = Base; path = Base.lproj/Main.storyboard; sourceTree = "<group>"; };
		CE230B8D23E3EDC400D24706 /* Assets.xcassets */ = {isa = PBXFileReference; lastKnownFileType = folder.assetcatalog; path = Assets.xcassets; sourceTree = "<group>"; };
		CE230B9023E3EDC400D24706 /* Base */ = {isa = PBXFileReference; lastKnownFileType = file.storyboard; name = Base; path = Base.lproj/LaunchScreen.storyboard; sourceTree = "<group>"; };
		CE230B9223E3EDC400D24706 /* Info.plist */ = {isa = PBXFileReference; lastKnownFileType = text.plist.xml; path = Info.plist; sourceTree = "<group>"; };
/* End PBXFileReference section */

/* Begin PBXFrameworksBuildPhase section */
		CE230B7E23E3EDC100D24706 /* Frameworks */ = {
			isa = PBXFrameworksBuildPhase;
			buildActionMask = 2147483647;
			files = (
			);
			runOnlyForDeploymentPostprocessing = 0;
		};
/* End PBXFrameworksBuildPhase section */

/* Begin PBXGroup section */
		CE230B7823E3EDC100D24706 = {
			isa = PBXGroup;
			children = (
				CE230B8323E3EDC100D24706 /* baKUni */,
				CE230B8223E3EDC100D24706 /* Products */,
			);
			sourceTree = "<group>";
		};
		CE230B8223E3EDC100D24706 /* Products */ = {
			isa = PBXGroup;
			children = (
				CE230B8123E3EDC100D24706 /* baKUni.app */,
			);
			name = Products;
			sourceTree = "<group>";
		};
		CE230B8323E3EDC100D24706 /* baKUni */ = {
			isa = PBXGroup;
			children = (
				CE230B8423E3EDC100D24706 /* AppDelegate.swift */,
				CE230B8623E3EDC100D24706 /* SceneDelegate.swift */,
				CE230B8823E3EDC100D24706 /* ViewController.swift */,
				CE230B8A23E3EDC100D24706 /* Main.storyboard */,
				CE230B8D23E3EDC400D24706 /* Assets.xcassets */,
				CE230B8F23E3EDC400D24706 /* LaunchScreen.storyboard */,
				CE230B9223E3EDC400D24706 /* Info.plist */,
			);
			path = baKUni;
			sourceTree = "<group>";
		};
/* End PBXGroup section */

/* Begin PBXNativeTarget section */
		CE230B8023E3EDC100D24706 /* baKUni */ = {
			isa = PBXNativeTarget;
			buildConfigurationList = CE230B9523E3EDC400D24706 /* Build configuration list for PBXNativeTarget "baKUni" */;
			buildPhases = (
				CE230B7D23E3EDC100D24706 /* Sources */,
				CE230B7E23E3EDC100D24706 /* Frameworks */,
				CE230B7F23E3EDC100D24706 /* Resources */,
			);
			buildRules = (
			);
			dependencies = (
			);
			name = baKUni;
			productName = baKUni;
			productReference = CE230B8123E3EDC100D24706 /* baKUni.app */;
			productType = "com.apple.product-type.application";
		};
/* End PBXNativeTarget section */

/* Begin PBXProject section */
		CE230B7923E3EDC100D24706 /* Project object */ = {
			isa = PBXProject;
			attributes = {
				LastSwiftUpdateCheck = 1120;
				LastUpgradeCheck = 1120;
				ORGANIZATIONNAME = "최승연";
				TargetAttributes = {
					CE230B8023E3EDC100D24706 = {
						CreatedOnToolsVersion = 11.2.1;
					};
				};
			};
			buildConfigurationList = CE230B7C23E3EDC100D24706 /* Build configuration list for PBXProject "baKUni" */;
			compatibilityVersion = "Xcode 9.3";
			developmentRegion = en;
			hasScannedForEncodings = 0;
			knownRegions = (
				en,
				Base,
			);
			mainGroup = CE230B7823E3EDC100D24706;
			productRefGroup = CE230B8223E3EDC100D24706 /* Products */;
			projectDirPath = "";
			projectRoot = "";
			targets = (
				CE230B8023E3EDC100D24706 /* baKUni */,
			);
		};
/* End PBXProject section */

/* Begin PBXResourcesBuildPhase section */
		CE230B7F23E3EDC100D24706 /* Resources */ = {
			isa = PBXResourcesBuildPhase;
			buildActionMask = 2147483647;
			files = (
				CE230B9123E3EDC400D24706 /* LaunchScreen.storyboard in Resources */,
				CE230B8E23E3EDC400D24706 /* Assets.xcassets in Resources */,
				CE230B8C23E3EDC100D24706 /* Main.storyboard in Resources */,
			);
			runOnlyForDeploymentPostprocessing = 0;
		};
/* End PBXResourcesBuildPhase section */

/* Begin PBXSourcesBuildPhase section */
		CE230B7D23E3EDC100D24706 /* Sources */ = {
			isa = PBXSourcesBuildPhase;
			buildActionMask = 2147483647;
			files = (
				CE230B8923E3EDC100D24706 /* ViewController.swift in Sources */,
				CE230B8523E3EDC100D24706 /* AppDelegate.swift in Sources */,
				CE230B8723E3EDC100D24706 /* SceneDelegate.swift in Sources */,
			);
			runOnlyForDeploymentPostprocessing = 0;
		};
/* End PBXSourcesBuildPhase section */

/* Begin PBXVariantGroup section */
		CE230B8A23E3EDC100D24706 /* Main.storyboard */ = {
			isa = PBXVariantGroup;
			children = (
				CE230B8B23E3EDC100D24706 /* Base */,
			);
			name = Main.storyboard;
			sourceTree = "<group>";
		};
		CE230B8F23E3EDC400D24706 /* LaunchScreen.storyboard */ = {
			isa = PBXVariantGroup;
			children = (
				CE230B9023E3EDC400D24706 /* Base */,
			);
			name = LaunchScreen.storyboard;
			sourceTree = "<group>";
		};
/* End PBXVariantGroup section */

/* Begin XCBuildConfiguration section */
		CE230B9323E3EDC400D24706 /* Debug */ = {
			isa = XCBuildConfiguration;
			buildSettings = {
				ALWAYS_SEARCH_USER_PATHS = NO;
				CLANG_ANALYZER_NONNULL = YES;
				CLANG_ANALYZER_NUMBER_OBJECT_CONVERSION = YES_AGGRESSIVE;
				CLANG_CXX_LANGUAGE_STANDARD = "gnu++14";
				CLANG_CXX_LIBRARY = "libc++";
				CLANG_ENABLE_MODULES = YES;
				CLANG_ENABLE_OBJC_ARC = YES;
				CLANG_ENABLE_OBJC_WEAK = YES;
				CLANG_WARN_BLOCK_CAPTURE_AUTORELEASING = YES;
				CLANG_WARN_BOOL_CONVERSION = YES;
				CLANG_WARN_COMMA = YES;
				CLANG_WARN_CONSTANT_CONVERSION = YES;
				CLANG_WARN_DEPRECATED_OBJC_IMPLEMENTATIONS = YES;
				CLANG_WARN_DIRECT_OBJC_ISA_USAGE = YES_ERROR;
				CLANG_WARN_DOCUMENTATION_COMMENTS = YES;
				CLANG_WARN_EMPTY_BODY = YES;
				CLANG_WARN_ENUM_CONVERSION = YES;
				CLANG_WARN_INFINITE_RECURSION = YES;
				CLANG_WARN_INT_CONVERSION = YES;
				CLANG_WARN_NON_LITERAL_NULL_CONVERSION = YES;
				CLANG_WARN_OBJC_IMPLICIT_RETAIN_SELF = YES;
				CLANG_WARN_OBJC_LITERAL_CONVERSION = YES;
				CLANG_WARN_OBJC_ROOT_CLASS = YES_ERROR;
				CLANG_WARN_RANGE_LOOP_ANALYSIS = YES;
				CLANG_WARN_STRICT_PROTOTYPES = YES;
				CLANG_WARN_SUSPICIOUS_MOVE = YES;
				CLANG_WARN_UNGUARDED_AVAILABILITY = YES_AGGRESSIVE;
				CLANG_WARN_UNREACHABLE_CODE = YES;
				CLANG_WARN__DUPLICATE_METHOD_MATCH = YES;
				COPY_PHASE_STRIP = NO;
				DEBUG_INFORMATION_FORMAT = dwarf;
				ENABLE_STRICT_OBJC_MSGSEND = YES;
				ENABLE_TESTABILITY = YES;
				GCC_C_LANGUAGE_STANDARD = gnu11;
				GCC_DYNAMIC_NO_PIC = NO;
				GCC_NO_COMMON_BLOCKS = YES;
				GCC_OPTIMIZATION_LEVEL = 0;
				GCC_PREPROCESSOR_DEFINITIONS = (
					"DEBUG=1",
					"$(inherited)",
				);
				GCC_WARN_64_TO_32_BIT_CONVERSION = YES;
				GCC_WARN_ABOUT_RETURN_TYPE = YES_ERROR;
				GCC_WARN_UNDECLARED_SELECTOR = YES;
				GCC_WARN_UNINITIALIZED_AUTOS = YES_AGGRESSIVE;
				GCC_WARN_UNUSED_FUNCTION = YES;
				GCC_WARN_UNUSED_VARIABLE = YES;
				IPHONEOS_DEPLOYMENT_TARGET = 13.2;
				MTL_ENABLE_DEBUG_INFO = INCLUDE_SOURCE;
				MTL_FAST_MATH = YES;
				ONLY_ACTIVE_ARCH = YES;
				SDKROOT = iphoneos;
				SWIFT_ACTIVE_COMPILATION_CONDITIONS = DEBUG;
				SWIFT_OPTIMIZATION_LEVEL = "-Onone";
			};
			name = Debug;
		};
		CE230B9423E3EDC400D24706 /* Release */ = {
			isa = XCBuildConfiguration;
			buildSettings = {
				ALWAYS_SEARCH_USER_PATHS = NO;
				CLANG_ANALYZER_NONNULL = YES;
				CLANG_ANALYZER_NUMBER_OBJECT_CONVERSION = YES_AGGRESSIVE;
				CLANG_CXX_LANGUAGE_STANDARD = "gnu++14";
				CLANG_CXX_LIBRARY = "libc++";
				CLANG_ENABLE_MODULES = YES;
				CLANG_ENABLE_OBJC_ARC = YES;
				CLANG_ENABLE_OBJC_WEAK = YES;
				CLANG_WARN_BLOCK_CAPTURE_AUTORELEASING = YES;
				CLANG_WARN_BOOL_CONVERSION = YES;
				CLANG_WARN_COMMA = YES;
				CLANG_WARN_CONSTANT_CONVERSION = YES;
				CLANG_WARN_DEPRECATED_OBJC_IMPLEMENTATIONS = YES;
				CLANG_WARN_DIRECT_OBJC_ISA_USAGE = YES_ERROR;
				CLANG_WARN_DOCUMENTATION_COMMENTS = YES;
				CLANG_WARN_EMPTY_BODY = YES;
				CLANG_WARN_ENUM_CONVERSION = YES;
				CLANG_WARN_INFINITE_RECURSION = YES;
				CLANG_WARN_INT_CONVERSION = YES;
				CLANG_WARN_NON_LITERAL_NULL_CONVERSION = YES;
				CLANG_WARN_OBJC_IMPLICIT_RETAIN_SELF = YES;
				CLANG_WARN_OBJC_LITERAL_CONVERSION = YES;
				CLANG_WARN_OBJC_ROOT_CLASS = YES_ERROR;
				CLANG_WARN_RANGE_LOOP_ANALYSIS = YES;
				CLANG_WARN_STRICT_PROTOTYPES = YES;
				CLANG_WARN_SUSPICIOUS_MOVE = YES;
				CLANG_WARN_UNGUARDED_AVAILABILITY = YES_AGGRESSIVE;
				CLANG_WARN_UNREACHABLE_CODE = YES;
				CLANG_WARN__DUPLICATE_METHOD_MATCH = YES;
				COPY_PHASE_STRIP = NO;
				DEBUG_INFORMATION_FORMAT = "dwarf-with-dsym";
				ENABLE_NS_ASSERTIONS = NO;
				ENABLE_STRICT_OBJC_MSGSEND = YES;
				GCC_C_LANGUAGE_STANDARD = gnu11;
				GCC_NO_COMMON_BLOCKS = YES;
				GCC_WARN_64_TO_32_BIT_CONVERSION = YES;
				GCC_WARN_ABOUT_RETURN_TYPE = YES_ERROR;
				GCC_WARN_UNDECLARED_SELECTOR = YES;
				GCC_WARN_UNINITIALIZED_AUTOS = YES_AGGRESSIVE;
				GCC_WARN_UNUSED_FUNCTION = YES;
				GCC_WARN_UNUSED_VARIABLE = YES;
				IPHONEOS_DEPLOYMENT_TARGET = 13.2;
				MTL_ENABLE_DEBUG_INFO = NO;
				MTL_FAST_MATH = YES;
				SDKROOT = iphoneos;
				SWIFT_COMPILATION_MODE = wholemodule;
				SWIFT_OPTIMIZATION_LEVEL = "-O";
				VALIDATE_PRODUCT = YES;
			};
			name = Release;
		};
		CE230B9623E3EDC400D24706 /* Debug */ = {
			isa = XCBuildConfiguration;
			buildSettings = {
				ASSETCATALOG_COMPILER_APPICON_NAME = AppIcon;
				CODE_SIGN_STYLE = Automatic;
				INFOPLIST_FILE = baKUni/Info.plist;
				LD_RUNPATH_SEARCH_PATHS = (
					"$(inherited)",
					"@executable_path/Frameworks",
				);
				PRODUCT_BUNDLE_IDENTIFIER = net.seungyeon.baKUni;
				PRODUCT_NAME = "$(TARGET_NAME)";
				SWIFT_VERSION = 5.0;
				TARGETED_DEVICE_FAMILY = 1;
			};
			name = Debug;
		};
		CE230B9723E3EDC400D24706 /* Release */ = {
			isa = XCBuildConfiguration;
			buildSettings = {
				ASSETCATALOG_COMPILER_APPICON_NAME = AppIcon;
				CODE_SIGN_STYLE = Automatic;
				INFOPLIST_FILE = baKUni/Info.plist;
				LD_RUNPATH_SEARCH_PATHS = (
					"$(inherited)",
					"@executable_path/Frameworks",
				);
				PRODUCT_BUNDLE_IDENTIFIER = net.seungyeon.baKUni;
				PRODUCT_NAME = "$(TARGET_NAME)";
				SWIFT_VERSION = 5.0;
				TARGETED_DEVICE_FAMILY = 1;
			};
			name = Release;
		};
/* End XCBuildConfiguration section */

/* Begin XCConfigurationList section */
		CE230B7C23E3EDC100D24706 /* Build configuration list for PBXProject "baKUni" */ = {
			isa = XCConfigurationList;
			buildConfigurations = (
				CE230B9323E3EDC400D24706 /* Debug */,
				CE230B9423E3EDC400D24706 /* Release */,
			);
			defaultConfigurationIsVisible = 0;
			defaultConfigurationName = Release;
		};
		CE230B9523E3EDC400D24706 /* Build configuration list for PBXNativeTarget "baKUni" */ = {
			isa = XCConfigurationList;
			buildConfigurations = (
				CE230B9623E3EDC400D24706 /* Debug */,
				CE230B9723E3EDC400D24706 /* Release */,
			);
			defaultConfigurationIsVisible = 0;
			defaultConfigurationName = Release;
		};
/* End XCConfigurationList section */
	};
	rootObject = CE230B7923E3EDC100D24706 /* Project object */;
}
